
Microsoft Visual Studio Solution File, Format Version 12.00
# Visual Studio 15
VisualStudioVersion = 15.0.28307.779
MinimumVisualStudioVersion = 10.0.40219.1
Project("{FAE04EC0-301F-11D3-BF4B-00C04F79EFBC}") = "S3.Inheritance.Entities", "S3.Inheritance.Entities\S3.Inheritance.Entities.csproj", "{1A22A367-249B-493C-93A3-49BB83402C14}"
EndProject
Global
	GlobalSection(SolutionConfigurationPlatforms) = preSolution
		Debug|Any CPU = Debug|Any CPU
		Release|Any CPU = Release|Any CPU
	EndGlobalSection
	GlobalSection(ProjectConfigurationPlatforms) = postSolution
		{1A22A367-249B-493C-93A3-49BB83402C14}.Debug|Any CPU.ActiveCfg = Debug|Any CPU
		{1A22A367-249B-493C-93A3-49BB83402C14}.Debug|Any CPU.Build.0 = Debug|Any CPU
		{1A22A367-249B-493C-93A3-49BB83402C14}.Release|Any CPU.ActiveCfg = Release|Any CPU
		{1A22A367-249B-493C-93A3-49BB83402C14}.Release|Any CPU.Build.0 = Release|Any CPU
	EndGlobalSection
	GlobalSection(SolutionProperties) = preSolution
		HideSolutionNode = FALSE
	EndGlobalSection
	GlobalSection(ExtensibilityGlobals) = postSolution
		SolutionGuid = {B9D7F569-1433-4A9F-82C7-6EADE5562F1E}
	EndGlobalSection
EndGlobal
